
Microsoft Visual Studio Solution File, Format Version 12.00
# Visual Studio 15
Project("{FAE04EC0-301F-11D3-BF4B-00C04F79EFBC}") = "Xam.Plugin.Mixpanel.iOS", "Xam.Plugin.Mixpanel.iOS.csproj", "{6844CE3A-8CF5-455A-9FAD-FE0630712328}"
EndProject
Global
	GlobalSection(SolutionConfigurationPlatforms) = preSolution
		Debug|Any CPU = Debug|Any CPU
		Release|Any CPU = Release|Any CPU
	EndGlobalSection
	GlobalSection(ProjectConfigurationPlatforms) = postSolution
		{6844CE3A-8CF5-455A-9FAD-FE0630712328}.Debug|Any CPU.ActiveCfg = Debug|Any CPU
		{6844CE3A-8CF5-455A-9FAD-FE0630712328}.Debug|Any CPU.Build.0 = Debug|Any CPU
		{6844CE3A-8CF5-455A-9FAD-FE0630712328}.Release|Any CPU.ActiveCfg = Release|Any CPU
		{6844CE3A-8CF5-455A-9FAD-FE0630712328}.Release|Any CPU.Build.0 = Release|Any CPU
	EndGlobalSection
EndGlobal
